
Microsoft Visual Studio Solution File, Format Version 12.00
# Visual Studio Version 17
VisualStudioVersion = 17.12.35506.116 d17.12
MinimumVisualStudioVersion = 10.0.40219.1
Project("{FAE04EC0-301F-11D3-BF4B-00C04F79EFBC}") = "poc.kafka.producer", "poc.kafka.producer.csproj", "{3AEAC395-F111-464D-A0BF-7FF10F8D5D15}"
EndProject
Project("{FAE04EC0-301F-11D3-BF4B-00C04F79EFBC}") = "poc.kafka.consumer", "..\poc.kafka.consumer\poc.kafka.consumer.csproj", "{8A34DF8E-709B-490E-B50C-76FE772E4AA3}"
EndProject
Global
	GlobalSection(SolutionConfigurationPlatforms) = preSolution
		Debug|Any CPU = Debug|Any CPU
		Release|Any CPU = Release|Any CPU
	EndGlobalSection
	GlobalSection(ProjectConfigurationPlatforms) = postSolution
		{3AEAC395-F111-464D-A0BF-7FF10F8D5D15}.Debug|Any CPU.ActiveCfg = Debug|Any CPU
		{3AEAC395-F111-464D-A0BF-7FF10F8D5D15}.Debug|Any CPU.Build.0 = Debug|Any CPU
		{3AEAC395-F111-464D-A0BF-7FF10F8D5D15}.Release|Any CPU.ActiveCfg = Release|Any CPU
		{3AEAC395-F111-464D-A0BF-7FF10F8D5D15}.Release|Any CPU.Build.0 = Release|Any CPU
		{8A34DF8E-709B-490E-B50C-76FE772E4AA3}.Debug|Any CPU.ActiveCfg = Debug|Any CPU
		{8A34DF8E-709B-490E-B50C-76FE772E4AA3}.Debug|Any CPU.Build.0 = Debug|Any CPU
		{8A34DF8E-709B-490E-B50C-76FE772E4AA3}.Release|Any CPU.ActiveCfg = Release|Any CPU
		{8A34DF8E-709B-490E-B50C-76FE772E4AA3}.Release|Any CPU.Build.0 = Release|Any CPU
	EndGlobalSection
	GlobalSection(SolutionProperties) = preSolution
		HideSolutionNode = FALSE
	EndGlobalSection
EndGlobal
